# THIS IS AN AUTOGENERATED FILE. DO NOT EDIT THIS FILE DIRECTLY.
# yarn lockfile v1


"@prisma/client@2.26.0":
  version "2.26.0"
  resolved "https://registry.yarnpkg.com/@prisma/client/-/client-2.26.0.tgz#a23a83bc5c931243ee20b78d9ded423e158aa4c1"
  integrity sha512-iwhjdUV/MEQZ7RzTEcZ/D+ewxx/pGExWJ2LypfHioJIvEMyK0saPiR0tjMvMT2I2SVzrIM5dXGhBHWi2JksWrQ==
  dependencies:
    "@prisma/engines-version" "2.26.0-23.9b816b3aa13cc270074f172f30d6eda8a8ce867d"

"@prisma/engines-version@2.26.0-23.9b816b3aa13cc270074f172f30d6eda8a8ce867d":
  version "2.26.0-23.9b816b3aa13cc270074f172f30d6eda8a8ce867d"
  resolved "https://registry.yarnpkg.com/@prisma/engines-version/-/engines-version-2.26.0-23.9b816b3aa13cc270074f172f30d6eda8a8ce867d.tgz#aa707f4496ab92ef1eaf17758274f63b86d2ff9f"
  integrity sha512-8tygPkPxag3myF5fgNQ60zwnNSZzFf4J+DXGKykXaBLLt9W2FLkaE5sVL8/OqAGhLAnVsKj83CqPms35bKrTKw==

"@prisma/engines@2.26.0-23.9b816b3aa13cc270074f172f30d6eda8a8ce867d":
  version "2.26.0-23.9b816b3aa13cc270074f172f30d6eda8a8ce867d"
  resolved "https://registry.yarnpkg.com/@prisma/engines/-/engines-2.26.0-23.9b816b3aa13cc270074f172f30d6eda8a8ce867d.tgz#cfdacfad3acc0f3bf1d7710aa8f3852fd85ac6d9"
  integrity sha512-a0jIhLvw9rFh6nZTr5Y3uzP28I2xNDu3pqxANvwMNnmIoYr1wYEcO1pMXn/36BGXldDdAWMmAbhfloHA3IB8DA==

ansi-styles@^4.1.0:
  version "4.3.0"
  resolved "https://registry.yarnpkg.com/ansi-styles/-/ansi-styles-4.3.0.tgz#edd803628ae71c04c85ae7a0906edad34b648937"
  integrity sha512-zbB9rCJAT1rbjiVDb2hqKFHNYLxgtk8NURxZ3IZwD3F6NtxbXZQCnnSi1Lkx+IDohdPlFp222wVALIheZJQSEg==
  dependencies:
    color-convert "^2.0.1"

chalk@^4.1.0:
  version "4.1.1"
  resolved "https://registry.yarnpkg.com/chalk/-/chalk-4.1.1.tgz#c80b3fab28bf6371e6863325eee67e618b77e6ad"
  integrity sha512-diHzdDKxcU+bAsUboHLPEDQiw0qEe0qd7SYUn3HgcFlWgbDcfLGswOHYeGrHKzG9z6UYf01d9VFMfZxPM1xZSg==
  dependencies:
    ansi-styles "^4.1.0"
    supports-color "^7.1.0"

color-convert@^2.0.1:
  version "2.0.1"
  resolved "https://registry.yarnpkg.com/color-convert/-/color-convert-2.0.1.tgz#72d3a68d598c9bdb3af2ad1e84f21d896abd4de3"
  integrity sha512-RRECPsj7iu/xb5oKYcsFHSppFNnsj/52OVTRKb4zP5onXwVF3zVmmToNcOfGC+CRDpfK/U584fMg38ZHCaElKQ==
  dependencies:
    color-name "~1.1.4"

color-name@~1.1.4:
  version "1.1.4"
  resolved "https://registry.yarnpkg.com/color-name/-/color-name-1.1.4.tgz#c2a09a87acbde69543de6f63fa3995c826c536a2"
  integrity sha512-dOy+3AuW3a2wNbZHIuMZpTcgjGuLU/uBL/ubcZF9OXbDo8ff4O8yVp5Bf0efS8uEoYo5q4Fx7dY9OgQGXgAsQA==

dotenv-expand@^5.1.0:
  version "5.1.0"
  resolved "https://registry.yarnpkg.com/dotenv-expand/-/dotenv-expand-5.1.0.tgz#3fbaf020bfd794884072ea26b1e9791d45a629f0"
  integrity sha512-YXQl1DSa4/PQyRfgrv6aoNjhasp/p4qs9FjJ4q4cQk+8m4r6k4ZSiEyytKG8f8W9gi8WsQtIObNmKd+tMzNTmA==

dotenv@^8.2.0:
  version "8.6.0"
  resolved "https://registry.yarnpkg.com/dotenv/-/dotenv-8.6.0.tgz#061af664d19f7f4d8fc6e4ff9b584ce237adcb8b"
  integrity sha512-IrPdXQsk2BbzvCBGBOTmmSH5SodmqZNt4ERAZDmW4CT+tL8VtvinqywuANaFu4bOMWki16nqf0e4oC0QIaDr/g==

has-flag@^4.0.0:
  version "4.0.0"
  resolved "https://registry.yarnpkg.com/has-flag/-/has-flag-4.0.0.tgz#944771fd9c81c81265c4d6941860da06bb59479b"
  integrity sha512-EykJT/Q1KjTWctppgIAgfSO0tKVuZUjhgMr17kqTumMl6Afv3EISleU7qZUzoXDFTAHTDC4NOoG/ZxU3EvlMPQ==

prisma@2.26.0:
  version "2.26.0"
  resolved "https://registry.yarnpkg.com/prisma/-/prisma-2.26.0.tgz#48f7b8fa166900ae20f2383da711ac8712a56b86"
  integrity sha512-MXTQlF8X9mabkdTRb9x5nF6jvo1kT85d9hqIpYjLLZy+5tlvEaCaLBj+ok8GINdfYBS7gwQERZ9MHx0tb5dCdg==
  dependencies:
    "@prisma/engines" "2.26.0-23.9b816b3aa13cc270074f172f30d6eda8a8ce867d"

serverless-dotenv-plugin@3.9.0:
  version "3.9.0"
  resolved "https://registry.yarnpkg.com/serverless-dotenv-plugin/-/serverless-dotenv-plugin-3.9.0.tgz#0d82704a3911c1051a1f566a30aaa5f278ad4ae3"
  integrity sha512-T2fso08DSVfBVMUQX4UxjaCzB32IMD0GOTqncuLUek77YMPrJTmJlKOGr5z64Oe/ySZhR7SJZF9Jn0FJCq7cIg==
  dependencies:
    chalk "^4.1.0"
    dotenv "^8.2.0"
    dotenv-expand "^5.1.0"

supports-color@^7.1.0:
  version "7.2.0"
  resolved "https://registry.yarnpkg.com/supports-color/-/supports-color-7.2.0.tgz#1b7dcdcb32b8138801b3e478ba6a51caa89648da"
  integrity sha512-qpCAvRl9stuOHveKsn7HncJRvv501qIacKzQlO/+Lwxc9+0q2wLyv4Dfvt80/DPn2pqOBsJdDiogXGR9+OvwRw==
  dependencies:
    has-flag "^4.0.0"
